{
  "lockfileVersion": 1,
  "workspaces": {
    "": {
      "name": "thecaptableguy.com",
      "devDependencies": {
        "@types/bun": "latest",
        "bun-plugin-tailwind": "^0.0.15",
        "daisyui": "^5.0.43",
        "tailwindcss": "^4.1.8",
      },
      "peerDependencies": {
        "typescript": "^5",
      },
    },
  },
  "packages": {
    "@types/bun": ["@types/bun@1.2.15", "", { "dependencies": { "bun-types": "1.2.15" } }, "sha512-U1ljPdBEphF0nw1MIk0hI7kPg7dFdPyM7EenHsp6W5loNHl7zqy6JQf/RKCgnUn2KDzUpkBwHPnEJEjII594bA=="],

    "@types/node": ["@types/node@22.15.29", "", { "dependencies": { "undici-types": "~6.21.0" } }, "sha512-LNdjOkUDlU1RZb8e1kOIUpN1qQUlzGkEtbVNo53vbrwDg5om6oduhm4SiUaPW5ASTXhAiP0jInWG8Qx9fVlOeQ=="],

    "bun-plugin-tailwind": ["bun-plugin-tailwind@0.0.15", "", { "peerDependencies": { "typescript": "^5.0.0" } }, "sha512-qtAXMNGG4R0UGGI8zWrqm2B7BdXqx48vunJXBPzfDOHPA5WkRUZdTSbE7TFwO4jLhYqSE23YMWsM9NhE6ovobw=="],

    "bun-types": ["bun-types@1.2.15", "", { "dependencies": { "@types/node": "*" } }, "sha512-NarRIaS+iOaQU1JPfyKhZm4AsUOrwUOqRNHY0XxI8GI8jYxiLXLcdjYMG9UKS+fwWasc1uw1htV9AX24dD+p4w=="],

    "daisyui": ["daisyui@5.0.43", "", {}, "sha512-2pshHJ73vetSpsbAyaOncGnNYL0mwvgseS1EWy1I9Qpw8D11OuBoDNIWrPIME4UFcq2xuff3A9x+eXbuFR9fUQ=="],

    "tailwindcss": ["tailwindcss@4.1.8", "", {}, "sha512-kjeW8gjdxasbmFKpVGrGd5T4i40mV5J2Rasw48QARfYeQ8YS9x02ON9SFWax3Qf616rt4Cp3nVNIj6Hd1mP3og=="],

    "typescript": ["typescript@5.8.3", "", { "bin": { "tsc": "bin/tsc", "tsserver": "bin/tsserver" } }, "sha512-p1diW6TqL9L07nNxvRMM7hMMw4c5XOo/1ibL4aAIGmSAt9slTE1Xgw5KWuof2uTOvCg9BY7ZRi+GaF+7sfgPeQ=="],

    "undici-types": ["undici-types@6.21.0", "", {}, "sha512-iwDZqg0QAGrg9Rav5H4n0M64c3mkR59cJ6wQp+7C4nI0gsmExaedaYLNO44eT4AtBBwjbTiGPMlt2Md0T9H9JQ=="],
  }
}
